// !$*UTF8*$!
{
	archiveVersion = 1;
	classes = {
	};
	objectVersion = 46;
	objects = {

/* Begin PBXBuildFile section */
		523C8CDC1AC953610068E3C7 /* Torch.h in Headers */ = {isa = PBXBuildFile; fileRef = 523C8CDB1AC953610068E3C7 /* Torch.h */; settings = {ATTRIBUTES = (Public, ); }; };
		523C8CE21AC953610068E3C7 /* Torch.framework in Frameworks */ = {isa = PBXBuildFile; fileRef = 523C8CD61AC953610068E3C7 /* Torch.framework */; };
		523C8CE91AC953610068E3C7 /* TorchTests.swift in Sources */ = {isa = PBXBuildFile; fileRef = 523C8CE81AC953610068E3C7 /* TorchTests.swift */; };
		523C8CF31AC953720068E3C7 /* UIScrollView+Torch.swift in Sources */ = {isa = PBXBuildFile; fileRef = 523C8CF21AC953720068E3C7 /* UIScrollView+Torch.swift */; };
		523C8D2F1AC960630068E3C7 /* AppDelegate.swift in Sources */ = {isa = PBXBuildFile; fileRef = 523C8D2E1AC960630068E3C7 /* AppDelegate.swift */; };
		523C8D311AC960630068E3C7 /* FirstViewController.swift in Sources */ = {isa = PBXBuildFile; fileRef = 523C8D301AC960630068E3C7 /* FirstViewController.swift */; };
		523C8D331AC960630068E3C7 /* SecondViewController.swift in Sources */ = {isa = PBXBuildFile; fileRef = 523C8D321AC960630068E3C7 /* SecondViewController.swift */; };
		523C8D361AC960630068E3C7 /* Main.storyboard in Resources */ = {isa = PBXBuildFile; fileRef = 523C8D341AC960630068E3C7 /* Main.storyboard */; };
		523C8D381AC960630068E3C7 /* Images.xcassets in Resources */ = {isa = PBXBuildFile; fileRef = 523C8D371AC960630068E3C7 /* Images.xcassets */; };
		523C8D3B1AC960630068E3C7 /* LaunchScreen.xib in Resources */ = {isa = PBXBuildFile; fileRef = 523C8D391AC960630068E3C7 /* LaunchScreen.xib */; };
		523C8D471AC960630068E3C7 /* TorchExampleTests.swift in Sources */ = {isa = PBXBuildFile; fileRef = 523C8D461AC960630068E3C7 /* TorchExampleTests.swift */; };
		870490111CF1E572002D40CE /* Torch.framework in Frameworks */ = {isa = PBXBuildFile; fileRef = 523C8CD61AC953610068E3C7 /* Torch.framework */; };
		870490121CF1E573002D40CE /* Torch.framework in Embed Frameworks */ = {isa = PBXBuildFile; fileRef = 523C8CD61AC953610068E3C7 /* Torch.framework */; settings = {ATTRIBUTES = (CodeSignOnCopy, RemoveHeadersOnCopy, ); }; };
		87B238441C9D8C150063FB44 /* RefreshObserverView.swift in Sources */ = {isa = PBXBuildFile; fileRef = 87B238431C9D8C150063FB44 /* RefreshObserverView.swift */; };
		87B238461C9D8F650063FB44 /* PlainRefreshView.swift in Sources */ = {isa = PBXBuildFile; fileRef = 87B238451C9D8F650063FB44 /* PlainRefreshView.swift */; };
/* End PBXBuildFile section */

/* Begin PBXContainerItemProxy section */
		523C8CE31AC953610068E3C7 /* PBXContainerItemProxy */ = {
			isa = PBXContainerItemProxy;
			containerPortal = 523C8CCD1AC953610068E3C7 /* Project object */;
			proxyType = 1;
			remoteGlobalIDString = 523C8CD51AC953610068E3C7;
			remoteInfo = Torch;
		};
		523C8D411AC960630068E3C7 /* PBXContainerItemProxy */ = {
			isa = PBXContainerItemProxy;
			containerPortal = 523C8CCD1AC953610068E3C7 /* Project object */;
			proxyType = 1;
			remoteGlobalIDString = 523C8D291AC960630068E3C7;
			remoteInfo = TorchExample;
		};
		870490131CF1E573002D40CE /* PBXContainerItemProxy */ = {
			isa = PBXContainerItemProxy;
			containerPortal = 523C8CCD1AC953610068E3C7 /* Project object */;
			proxyType = 1;
			remoteGlobalIDString = 523C8CD51AC953610068E3C7;
			remoteInfo = Torch;
		};
/* End PBXContainerItemProxy section */

/* Begin PBXCopyFilesBuildPhase section */
		870490151CF1E573002D40CE /* Embed Frameworks */ = {
			isa = PBXCopyFilesBuildPhase;
			buildActionMask = 2147483647;
			dstPath = "";
			dstSubfolderSpec = 10;
			files = (
				870490121CF1E573002D40CE /* Torch.framework in Embed Frameworks */,
			);
			name = "Embed Frameworks";
			runOnlyForDeploymentPostprocessing = 0;
		};
/* End PBXCopyFilesBuildPhase section */

/* Begin PBXFileReference section */
		523C8CD61AC953610068E3C7 /* Torch.framework */ = {isa = PBXFileReference; explicitFileType = wrapper.framework; includeInIndex = 0; path = Torch.framework; sourceTree = BUILT_PRODUCTS_DIR; };
		523C8CDA1AC953610068E3C7 /* Info.plist */ = {isa = PBXFileReference; lastKnownFileType = text.plist.xml; path = Info.plist; sourceTree = "<group>"; };
		523C8CDB1AC953610068E3C7 /* Torch.h */ = {isa = PBXFileReference; lastKnownFileType = sourcecode.c.h; path = Torch.h; sourceTree = "<group>"; };
		523C8CE11AC953610068E3C7 /* TorchTests.xctest */ = {isa = PBXFileReference; explicitFileType = wrapper.cfbundle; includeInIndex = 0; path = TorchTests.xctest; sourceTree = BUILT_PRODUCTS_DIR; };
		523C8CE71AC953610068E3C7 /* Info.plist */ = {isa = PBXFileReference; lastKnownFileType = text.plist.xml; path = Info.plist; sourceTree = "<group>"; };
		523C8CE81AC953610068E3C7 /* TorchTests.swift */ = {isa = PBXFileReference; lastKnownFileType = sourcecode.swift; path = TorchTests.swift; sourceTree = "<group>"; };
		523C8CF21AC953720068E3C7 /* UIScrollView+Torch.swift */ = {isa = PBXFileReference; fileEncoding = 4; lastKnownFileType = sourcecode.swift; path = "UIScrollView+Torch.swift"; sourceTree = "<group>"; };
		523C8D2A1AC960630068E3C7 /* TorchExample.app */ = {isa = PBXFileReference; explicitFileType = wrapper.application; includeInIndex = 0; path = TorchExample.app; sourceTree = BUILT_PRODUCTS_DIR; };
		523C8D2D1AC960630068E3C7 /* Info.plist */ = {isa = PBXFileReference; lastKnownFileType = text.plist.xml; path = Info.plist; sourceTree = "<group>"; };
		523C8D2E1AC960630068E3C7 /* AppDelegate.swift */ = {isa = PBXFileReference; lastKnownFileType = sourcecode.swift; path = AppDelegate.swift; sourceTree = "<group>"; };
		523C8D301AC960630068E3C7 /* FirstViewController.swift */ = {isa = PBXFileReference; lastKnownFileType = sourcecode.swift; path = FirstViewController.swift; sourceTree = "<group>"; };
		523C8D321AC960630068E3C7 /* SecondViewController.swift */ = {isa = PBXFileReference; lastKnownFileType = sourcecode.swift; path = SecondViewController.swift; sourceTree = "<group>"; };
		523C8D351AC960630068E3C7 /* Base */ = {isa = PBXFileReference; lastKnownFileType = file.storyboard; name = Base; path = Base.lproj/Main.storyboard; sourceTree = "<group>"; };
		523C8D371AC960630068E3C7 /* Images.xcassets */ = {isa = PBXFileReference; lastKnownFileType = folder.assetcatalog; path = Images.xcassets; sourceTree = "<group>"; };
		523C8D3A1AC960630068E3C7 /* Base */ = {isa = PBXFileReference; lastKnownFileType = file.xib; name = Base; path = Base.lproj/LaunchScreen.xib; sourceTree = "<group>"; };
		523C8D401AC960630068E3C7 /* TorchExampleTests.xctest */ = {isa = PBXFileReference; explicitFileType = wrapper.cfbundle; includeInIndex = 0; path = TorchExampleTests.xctest; sourceTree = BUILT_PRODUCTS_DIR; };
		523C8D451AC960630068E3C7 /* Info.plist */ = {isa = PBXFileReference; lastKnownFileType = text.plist.xml; path = Info.plist; sourceTree = "<group>"; };
		523C8D461AC960630068E3C7 /* TorchExampleTests.swift */ = {isa = PBXFileReference; lastKnownFileType = sourcecode.swift; path = TorchExampleTests.swift; sourceTree = "<group>"; };
		87B238431C9D8C150063FB44 /* RefreshObserverView.swift */ = {isa = PBXFileReference; fileEncoding = 4; lastKnownFileType = sourcecode.swift; path = RefreshObserverView.swift; sourceTree = "<group>"; };
		87B238451C9D8F650063FB44 /* PlainRefreshView.swift */ = {isa = PBXFileReference; fileEncoding = 4; lastKnownFileType = sourcecode.swift; path = PlainRefreshView.swift; sourceTree = "<group>"; };
/* End PBXFileReference section */

/* Begin PBXFrameworksBuildPhase section */
		523C8CD21AC953610068E3C7 /* Frameworks */ = {
			isa = PBXFrameworksBuildPhase;
			buildActionMask = 2147483647;
			files = (
			);
			runOnlyForDeploymentPostprocessing = 0;
		};
		523C8CDE1AC953610068E3C7 /* Frameworks */ = {
			isa = PBXFrameworksBuildPhase;
			buildActionMask = 2147483647;
			files = (
				523C8CE21AC953610068E3C7 /* Torch.framework in Frameworks */,
			);
			runOnlyForDeploymentPostprocessing = 0;
		};
		523C8D271AC960630068E3C7 /* Frameworks */ = {
			isa = PBXFrameworksBuildPhase;
			buildActionMask = 2147483647;
			files = (
				870490111CF1E572002D40CE /* Torch.framework in Frameworks */,
			);
			runOnlyForDeploymentPostprocessing = 0;
		};
		523C8D3D1AC960630068E3C7 /* Frameworks */ = {
			isa = PBXFrameworksBuildPhase;
			buildActionMask = 2147483647;
			files = (
			);
			runOnlyForDeploymentPostprocessing = 0;
		};
/* End PBXFrameworksBuildPhase section */

/* Begin PBXGroup section */
		523C8CCC1AC953610068E3C7 = {
			isa = PBXGroup;
			children = (
				523C8CD81AC953610068E3C7 /* Torch */,
				523C8CE51AC953610068E3C7 /* TorchTests */,
				523C8D2B1AC960630068E3C7 /* TorchExample */,
				523C8D431AC960630068E3C7 /* TorchExampleTests */,
				523C8CD71AC953610068E3C7 /* Products */,
			);
			sourceTree = "<group>";
		};
		523C8CD71AC953610068E3C7 /* Products */ = {
			isa = PBXGroup;
			children = (
				523C8CD61AC953610068E3C7 /* Torch.framework */,
				523C8CE11AC953610068E3C7 /* TorchTests.xctest */,
				523C8D2A1AC960630068E3C7 /* TorchExample.app */,
				523C8D401AC960630068E3C7 /* TorchExampleTests.xctest */,
			);
			name = Products;
			sourceTree = "<group>";
		};
		523C8CD81AC953610068E3C7 /* Torch */ = {
			isa = PBXGroup;
			children = (
				523C8CDB1AC953610068E3C7 /* Torch.h */,
				523C8CF21AC953720068E3C7 /* UIScrollView+Torch.swift */,
				87B238431C9D8C150063FB44 /* RefreshObserverView.swift */,
				87B238451C9D8F650063FB44 /* PlainRefreshView.swift */,
				523C8CD91AC953610068E3C7 /* Supporting Files */,
			);
			path = Torch;
			sourceTree = "<group>";
		};
		523C8CD91AC953610068E3C7 /* Supporting Files */ = {
			isa = PBXGroup;
			children = (
				523C8CDA1AC953610068E3C7 /* Info.plist */,
			);
			name = "Supporting Files";
			sourceTree = "<group>";
		};
		523C8CE51AC953610068E3C7 /* TorchTests */ = {
			isa = PBXGroup;
			children = (
				523C8CE81AC953610068E3C7 /* TorchTests.swift */,
				523C8CE61AC953610068E3C7 /* Supporting Files */,
			);
			path = TorchTests;
			sourceTree = "<group>";
		};
		523C8CE61AC953610068E3C7 /* Supporting Files */ = {
			isa = PBXGroup;
			children = (
				523C8CE71AC953610068E3C7 /* Info.plist */,
			);
			name = "Supporting Files";
			sourceTree = "<group>";
		};
		523C8D2B1AC960630068E3C7 /* TorchExample */ = {
			isa = PBXGroup;
			children = (
				523C8D2E1AC960630068E3C7 /* AppDelegate.swift */,
				523C8D301AC960630068E3C7 /* FirstViewController.swift */,
				523C8D321AC960630068E3C7 /* SecondViewController.swift */,
				523C8D371AC960630068E3C7 /* Images.xcassets */,
				523C8D341AC960630068E3C7 /* Main.storyboard */,
				523C8D391AC960630068E3C7 /* LaunchScreen.xib */,
				523C8D2C1AC960630068E3C7 /* Supporting Files */,
			);
			path = TorchExample;
			sourceTree = "<group>";
		};
		523C8D2C1AC960630068E3C7 /* Supporting Files */ = {
			isa = PBXGroup;
			children = (
				523C8D2D1AC960630068E3C7 /* Info.plist */,
			);
			name = "Supporting Files";
			sourceTree = "<group>";
		};
		523C8D431AC960630068E3C7 /* TorchExampleTests */ = {
			isa = PBXGroup;
			children = (
				523C8D461AC960630068E3C7 /* TorchExampleTests.swift */,
				523C8D441AC960630068E3C7 /* Supporting Files */,
			);
			path = TorchExampleTests;
			sourceTree = "<group>";
		};
		523C8D441AC960630068E3C7 /* Supporting Files */ = {
			isa = PBXGroup;
			children = (
				523C8D451AC960630068E3C7 /* Info.plist */,
			);
			name = "Supporting Files";
			sourceTree = "<group>";
		};
/* End PBXGroup section */

/* Begin PBXHeadersBuildPhase section */
		523C8CD31AC953610068E3C7 /* Headers */ = {
			isa = PBXHeadersBuildPhase;
			buildActionMask = 2147483647;
			files = (
				523C8CDC1AC953610068E3C7 /* Torch.h in Headers */,
			);
			runOnlyForDeploymentPostprocessing = 0;
		};
/* End PBXHeadersBuildPhase section */

/* Begin PBXNativeTarget section */
		523C8CD51AC953610068E3C7 /* Torch */ = {
			isa = PBXNativeTarget;
			buildConfigurationList = 523C8CEC1AC953610068E3C7 /* Build configuration list for PBXNativeTarget "Torch" */;
			buildPhases = (
				523C8CD11AC953610068E3C7 /* Sources */,
				523C8CD21AC953610068E3C7 /* Frameworks */,
				523C8CD31AC953610068E3C7 /* Headers */,
				523C8CD41AC953610068E3C7 /* Resources */,
			);
			buildRules = (
			);
			dependencies = (
			);
			name = Torch;
			productName = Torch;
			productReference = 523C8CD61AC953610068E3C7 /* Torch.framework */;
			productType = "com.apple.product-type.framework";
		};
		523C8CE01AC953610068E3C7 /* TorchTests */ = {
			isa = PBXNativeTarget;
			buildConfigurationList = 523C8CEF1AC953610068E3C7 /* Build configuration list for PBXNativeTarget "TorchTests" */;
			buildPhases = (
				523C8CDD1AC953610068E3C7 /* Sources */,
				523C8CDE1AC953610068E3C7 /* Frameworks */,
				523C8CDF1AC953610068E3C7 /* Resources */,
			);
			buildRules = (
			);
			dependencies = (
				523C8CE41AC953610068E3C7 /* PBXTargetDependency */,
			);
			name = TorchTests;
			productName = TorchTests;
			productReference = 523C8CE11AC953610068E3C7 /* TorchTests.xctest */;
			productType = "com.apple.product-type.bundle.unit-test";
		};
		523C8D291AC960630068E3C7 /* TorchExample */ = {
			isa = PBXNativeTarget;
			buildConfigurationList = 523C8D481AC960630068E3C7 /* Build configuration list for PBXNativeTarget "TorchExample" */;
			buildPhases = (
				523C8D261AC960630068E3C7 /* Sources */,
				523C8D271AC960630068E3C7 /* Frameworks */,
				523C8D281AC960630068E3C7 /* Resources */,
				870490151CF1E573002D40CE /* Embed Frameworks */,
			);
			buildRules = (
			);
			dependencies = (
				870490141CF1E573002D40CE /* PBXTargetDependency */,
			);
			name = TorchExample;
			productName = TorchExample;
			productReference = 523C8D2A1AC960630068E3C7 /* TorchExample.app */;
			productType = "com.apple.product-type.application";
		};
		523C8D3F1AC960630068E3C7 /* TorchExampleTests */ = {
			isa = PBXNativeTarget;
			buildConfigurationList = 523C8D4B1AC960630068E3C7 /* Build configuration list for PBXNativeTarget "TorchExampleTests" */;
			buildPhases = (
				523C8D3C1AC960630068E3C7 /* Sources */,
				523C8D3D1AC960630068E3C7 /* Frameworks */,
				523C8D3E1AC960630068E3C7 /* Resources */,
			);
			buildRules = (
			);
			dependencies = (
				523C8D421AC960630068E3C7 /* PBXTargetDependency */,
			);
			name = TorchExampleTests;
			productName = TorchExampleTests;
			productReference = 523C8D401AC960630068E3C7 /* TorchExampleTests.xctest */;
			productType = "com.apple.product-type.bundle.unit-test";
		};
/* End PBXNativeTarget section */

/* Begin PBXProject section */
		523C8CCD1AC953610068E3C7 /* Project object */ = {
			isa = PBXProject;
			attributes = {
				LastSwiftMigration = 0700;
				LastSwiftUpdateCheck = 0700;
				LastUpgradeCheck = 0930;
				ORGANIZATIONNAME = "Xing He";
				TargetAttributes = {
					523C8CD51AC953610068E3C7 = {
						CreatedOnToolsVersion = 6.3;
						DevelopmentTeam = ATTGF74X8E;
						LastSwiftMigration = 0900;
					};
					523C8CE01AC953610068E3C7 = {
						CreatedOnToolsVersion = 6.3;
						LastSwiftMigration = 0900;
					};
					523C8D291AC960630068E3C7 = {
						CreatedOnToolsVersion = 6.3;
						DevelopmentTeam = ATTGF74X8E;
						LastSwiftMigration = 0930;
					};
					523C8D3F1AC960630068E3C7 = {
						CreatedOnToolsVersion = 6.3;
						LastSwiftMigration = 0930;
						TestTargetID = 523C8D291AC960630068E3C7;
					};
				};
			};
			buildConfigurationList = 523C8CD01AC953610068E3C7 /* Build configuration list for PBXProject "Torch" */;
			compatibilityVersion = "Xcode 3.2";
			developmentRegion = English;
			hasScannedForEncodings = 0;
			knownRegions = (
				en,
				Base,
			);
			mainGroup = 523C8CCC1AC953610068E3C7;
			productRefGroup = 523C8CD71AC953610068E3C7 /* Products */;
			projectDirPath = "";
			projectRoot = "";
			targets = (
				523C8CD51AC953610068E3C7 /* Torch */,
				523C8CE01AC953610068E3C7 /* TorchTests */,
				523C8D291AC960630068E3C7 /* TorchExample */,
				523C8D3F1AC960630068E3C7 /* TorchExampleTests */,
			);
		};
/* End PBXProject section */

/* Begin PBXResourcesBuildPhase section */
		523C8CD41AC953610068E3C7 /* Resources */ = {
			isa = PBXResourcesBuildPhase;
			buildActionMask = 2147483647;
			files = (
			);
			runOnlyForDeploymentPostprocessing = 0;
		};
		523C8CDF1AC953610068E3C7 /* Resources */ = {
			isa = PBXResourcesBuildPhase;
			buildActionMask = 2147483647;
			files = (
			);
			runOnlyForDeploymentPostprocessing = 0;
		};
		523C8D281AC960630068E3C7 /* Resources */ = {
			isa = PBXResourcesBuildPhase;
			buildActionMask = 2147483647;
			files = (
				523C8D361AC960630068E3C7 /* Main.storyboard in Resources */,
				523C8D3B1AC960630068E3C7 /* LaunchScreen.xib in Resources */,
				523C8D381AC960630068E3C7 /* Images.xcassets in Resources */,
			);
			runOnlyForDeploymentPostprocessing = 0;
		};
		523C8D3E1AC960630068E3C7 /* Resources */ = {
			isa = PBXResourcesBuildPhase;
			buildActionMask = 2147483647;
			files = (
			);
			runOnlyForDeploymentPostprocessing = 0;
		};
/* End PBXResourcesBuildPhase section */

/* Begin PBXSourcesBuildPhase section */
		523C8CD11AC953610068E3C7 /* Sources */ = {
			isa = PBXSourcesBuildPhase;
			buildActionMask = 2147483647;
			files = (
				523C8CF31AC953720068E3C7 /* UIScrollView+Torch.swift in Sources */,
				87B238461C9D8F650063FB44 /* PlainRefreshView.swift in Sources */,
				87B238441C9D8C150063FB44 /* RefreshObserverView.swift in Sources */,
			);
			runOnlyForDeploymentPostprocessing = 0;
		};
		523C8CDD1AC953610068E3C7 /* Sources */ = {
			isa = PBXSourcesBuildPhase;
			buildActionMask = 2147483647;
			files = (
				523C8CE91AC953610068E3C7 /* TorchTests.swift in Sources */,
			);
			runOnlyForDeploymentPostprocessing = 0;
		};
		523C8D261AC960630068E3C7 /* Sources */ = {
			isa = PBXSourcesBuildPhase;
			buildActionMask = 2147483647;
			files = (
				523C8D331AC960630068E3C7 /* SecondViewController.swift in Sources */,
				523C8D2F1AC960630068E3C7 /* AppDelegate.swift in Sources */,
				523C8D311AC960630068E3C7 /* FirstViewController.swift in Sources */,
			);
			runOnlyForDeploymentPostprocessing = 0;
		};
		523C8D3C1AC960630068E3C7 /* Sources */ = {
			isa = PBXSourcesBuildPhase;
			buildActionMask = 2147483647;
			files = (
				523C8D471AC960630068E3C7 /* TorchExampleTests.swift in Sources */,
			);
			runOnlyForDeploymentPostprocessing = 0;
		};
/* End PBXSourcesBuildPhase section */

/* Begin PBXTargetDependency section */
		523C8CE41AC953610068E3C7 /* PBXTargetDependency */ = {
			isa = PBXTargetDependency;
			target = 523C8CD51AC953610068E3C7 /* Torch */;
			targetProxy = 523C8CE31AC953610068E3C7 /* PBXContainerItemProxy */;
		};
		523C8D421AC960630068E3C7 /* PBXTargetDependency */ = {
			isa = PBXTargetDependency;
			target = 523C8D291AC960630068E3C7 /* TorchExample */;
			targetProxy = 523C8D411AC960630068E3C7 /* PBXContainerItemProxy */;
		};
		870490141CF1E573002D40CE /* PBXTargetDependency */ = {
			isa = PBXTargetDependency;
			target = 523C8CD51AC953610068E3C7 /* Torch */;
			targetProxy = 870490131CF1E573002D40CE /* PBXContainerItemProxy */;
		};
/* End PBXTargetDependency section */

/* Begin PBXVariantGroup section */
		523C8D341AC960630068E3C7 /* Main.storyboard */ = {
			isa = PBXVariantGroup;
			children = (
				523C8D351AC960630068E3C7 /* Base */,
			);
			name = Main.storyboard;
			sourceTree = "<group>";
		};
		523C8D391AC960630068E3C7 /* LaunchScreen.xib */ = {
			isa = PBXVariantGroup;
			children = (
				523C8D3A1AC960630068E3C7 /* Base */,
			);
			name = LaunchScreen.xib;
			sourceTree = "<group>";
		};
/* End PBXVariantGroup section */

/* Begin XCBuildConfiguration section */
		523C8CEA1AC953610068E3C7 /* Debug */ = {
			isa = XCBuildConfiguration;
			buildSettings = {
				ALWAYS_SEARCH_USER_PATHS = NO;
				CLANG_CXX_LANGUAGE_STANDARD = "gnu++0x";
				CLANG_CXX_LIBRARY = "libc++";
				CLANG_ENABLE_MODULES = YES;
				CLANG_ENABLE_OBJC_ARC = YES;
				CLANG_WARN_BLOCK_CAPTURE_AUTORELEASING = YES;
				CLANG_WARN_BOOL_CONVERSION = YES;
				CLANG_WARN_COMMA = YES;
				CLANG_WARN_CONSTANT_CONVERSION = YES;
				CLANG_WARN_DEPRECATED_OBJC_IMPLEMENTATIONS = YES;
				CLANG_WARN_DIRECT_OBJC_ISA_USAGE = YES_ERROR;
				CLANG_WARN_EMPTY_BODY = YES;
				CLANG_WARN_ENUM_CONVERSION = YES;
				CLANG_WARN_INFINITE_RECURSION = YES;
				CLANG_WARN_INT_CONVERSION = YES;
				CLANG_WARN_NON_LITERAL_NULL_CONVERSION = YES;
				CLANG_WARN_OBJC_IMPLICIT_RETAIN_SELF = YES;
				CLANG_WARN_OBJC_LITERAL_CONVERSION = YES;
				CLANG_WARN_OBJC_ROOT_CLASS = YES_ERROR;
				CLANG_WARN_RANGE_LOOP_ANALYSIS = YES;
				CLANG_WARN_STRICT_PROTOTYPES = YES;
				CLANG_WARN_SUSPICIOUS_MOVE = YES;
				CLANG_WARN_UNREACHABLE_CODE = YES;
				CLANG_WARN__DUPLICATE_METHOD_MATCH = YES;
				"CODE_SIGN_IDENTITY[sdk=iphoneos*]" = "iPhone Developer";
				COPY_PHASE_STRIP = NO;
				CURRENT_PROJECT_VERSION = 47;
				DEBUG_INFORMATION_FORMAT = dwarf;
				ENABLE_STRICT_OBJC_MSGSEND = YES;
				ENABLE_TESTABILITY = YES;
				GCC_C_LANGUAGE_STANDARD = gnu99;
				GCC_DYNAMIC_NO_PIC = NO;
				GCC_NO_COMMON_BLOCKS = YES;
				GCC_OPTIMIZATION_LEVEL = 0;
				GCC_PREPROCESSOR_DEFINITIONS = (
					"DEBUG=1",
					"$(inherited)",
				);
				GCC_SYMBOLS_PRIVATE_EXTERN = NO;
				GCC_WARN_64_TO_32_BIT_CONVERSION = YES;
				GCC_WARN_ABOUT_RETURN_TYPE = YES_ERROR;
				GCC_WARN_UNDECLARED_SELECTOR = YES;
				GCC_WARN_UNINITIALIZED_AUTOS = YES_AGGRESSIVE;
				GCC_WARN_UNUSED_FUNCTION = YES;
				GCC_WARN_UNUSED_VARIABLE = YES;
				IPHONEOS_DEPLOYMENT_TARGET = 8.3;
				MTL_ENABLE_DEBUG_INFO = YES;
				ONLY_ACTIVE_ARCH = YES;
				SDKROOT = iphoneos;
				SWIFT_OPTIMIZATION_LEVEL = "-Onone";
				TARGETED_DEVICE_FAMILY = "1,2";
				VERSIONING_SYSTEM = "apple-generic";
				VERSION_INFO_PREFIX = "";
			};
			name = Debug;
		};
		523C8CEB1AC953610068E3C7 /* Release */ = {
			isa = XCBuildConfiguration;
			buildSettings = {
				ALWAYS_SEARCH_USER_PATHS = NO;
				CLANG_CXX_LANGUAGE_STANDARD = "gnu++0x";
				CLANG_CXX_LIBRARY = "libc++";
				CLANG_ENABLE_MODULES = YES;
				CLANG_ENABLE_OBJC_ARC = YES;
				CLANG_WARN_BLOCK_CAPTURE_AUTORELEASING = YES;
				CLANG_WARN_BOOL_CONVERSION = YES;
				CLANG_WARN_COMMA = YES;
				CLANG_WARN_CONSTANT_CONVERSION = YES;
				CLANG_WARN_DEPRECATED_OBJC_IMPLEMENTATIONS = YES;
				CLANG_WARN_DIRECT_OBJC_ISA_USAGE = YES_ERROR;
				CLANG_WARN_EMPTY_BODY = YES;
				CLANG_WARN_ENUM_CONVERSION = YES;
				CLANG_WARN_INFINITE_RECURSION = YES;
				CLANG_WARN_INT_CONVERSION = YES;
				CLANG_WARN_NON_LITERAL_NULL_CONVERSION = YES;
				CLANG_WARN_OBJC_IMPLICIT_RETAIN_SELF = YES;
				CLANG_WARN_OBJC_LITERAL_CONVERSION = YES;
				CLANG_WARN_OBJC_ROOT_CLASS = YES_ERROR;
				CLANG_WARN_RANGE_LOOP_ANALYSIS = YES;
				CLANG_WARN_STRICT_PROTOTYPES = YES;
				CLANG_WARN_SUSPICIOUS_MOVE = YES;
				CLANG_WARN_UNREACHABLE_CODE = YES;
				CLANG_WARN__DUPLICATE_METHOD_MATCH = YES;
				"CODE_SIGN_IDENTITY[sdk=iphoneos*]" = "iPhone Developer";
				COPY_PHASE_STRIP = NO;
				CURRENT_PROJECT_VERSION = 47;
				DEBUG_INFORMATION_FORMAT = "dwarf-with-dsym";
				ENABLE_NS_ASSERTIONS = NO;
				ENABLE_STRICT_OBJC_MSGSEND = YES;
				GCC_C_LANGUAGE_STANDARD = gnu99;
				GCC_NO_COMMON_BLOCKS = YES;
				GCC_WARN_64_TO_32_BIT_CONVERSION = YES;
				GCC_WARN_ABOUT_RETURN_TYPE = YES_ERROR;
				GCC_WARN_UNDECLARED_SELECTOR = YES;
				GCC_WARN_UNINITIALIZED_AUTOS = YES_AGGRESSIVE;
				GCC_WARN_UNUSED_FUNCTION = YES;
				GCC_WARN_UNUSED_VARIABLE = YES;
				IPHONEOS_DEPLOYMENT_TARGET = 8.3;
				MTL_ENABLE_DEBUG_INFO = NO;
				SDKROOT = iphoneos;
				TARGETED_DEVICE_FAMILY = "1,2";
				VALIDATE_PRODUCT = YES;
				VERSIONING_SYSTEM = "apple-generic";
				VERSION_INFO_PREFIX = "";
			};
			name = Release;
		};
		523C8CED1AC953610068E3C7 /* Debug */ = {
			isa = XCBuildConfiguration;
			buildSettings = {
				CLANG_ENABLE_MODULES = YES;
				CODE_SIGN_IDENTITY = "iPhone Developer";
				"CODE_SIGN_IDENTITY[sdk=iphoneos*]" = "";
				DEFINES_MODULE = YES;
				DYLIB_COMPATIBILITY_VERSION = 1;
				DYLIB_CURRENT_VERSION = 47;
				DYLIB_INSTALL_NAME_BASE = "@rpath";
				INFOPLIST_FILE = Torch/Info.plist;
				INSTALL_PATH = "$(LOCAL_LIBRARY_DIR)/Frameworks";
				IPHONEOS_DEPLOYMENT_TARGET = 8.0;
				LD_RUNPATH_SEARCH_PATHS = "$(inherited) @executable_path/Frameworks @loader_path/Frameworks";
				OTHER_SWIFT_FLAGS = "-DDEBUG";
				PRODUCT_BUNDLE_IDENTIFIER = com.kukushi.torch;
				PRODUCT_NAME = "$(TARGET_NAME)";
				SKIP_INSTALL = YES;
				SWIFT_OPTIMIZATION_LEVEL = "-Onone";
				SWIFT_SWIFT3_OBJC_INFERENCE = Default;
				SWIFT_VERSION = 4.0;
			};
			name = Debug;
		};
		523C8CEE1AC953610068E3C7 /* Release */ = {
			isa = XCBuildConfiguration;
			buildSettings = {
				CLANG_ENABLE_MODULES = YES;
				CODE_SIGN_IDENTITY = "iPhone Developer";
				"CODE_SIGN_IDENTITY[sdk=iphoneos*]" = "";
				DEFINES_MODULE = YES;
				DYLIB_COMPATIBILITY_VERSION = 1;
				DYLIB_CURRENT_VERSION = 47;
				DYLIB_INSTALL_NAME_BASE = "@rpath";
				INFOPLIST_FILE = Torch/Info.plist;
				INSTALL_PATH = "$(LOCAL_LIBRARY_DIR)/Frameworks";
				IPHONEOS_DEPLOYMENT_TARGET = 8.0;
				LD_RUNPATH_SEARCH_PATHS = "$(inherited) @executable_path/Frameworks @loader_path/Frameworks";
				OTHER_SWIFT_FLAGS = "";
				PRODUCT_BUNDLE_IDENTIFIER = com.kukushi.torch;
				PRODUCT_NAME = "$(TARGET_NAME)";
				SKIP_INSTALL = YES;
				SWIFT_OPTIMIZATION_LEVEL = "-Owholemodule";
				SWIFT_SWIFT3_OBJC_INFERENCE = Default;
				SWIFT_VERSION = 4.0;
			};
			name = Release;
		};
		523C8CF01AC953610068E3C7 /* Debug */ = {
			isa = XCBuildConfiguration;
			buildSettings = {
				FRAMEWORK_SEARCH_PATHS = (
					"$(SDKROOT)/Developer/Library/Frameworks",
					"$(inherited)",
				);
				GCC_PREPROCESSOR_DEFINITIONS = (
					"DEBUG=1",
					"$(inherited)",
				);
				INFOPLIST_FILE = TorchTests/Info.plist;
				LD_RUNPATH_SEARCH_PATHS = "$(inherited) @executable_path/Frameworks @loader_path/Frameworks";
				PRODUCT_NAME = "$(TARGET_NAME)";
				SWIFT_SWIFT3_OBJC_INFERENCE = Default;
				SWIFT_VERSION = 4.0;
			};
			name = Debug;
		};
		523C8CF11AC953610068E3C7 /* Release */ = {
			isa = XCBuildConfiguration;
			buildSettings = {
				FRAMEWORK_SEARCH_PATHS = (
					"$(SDKROOT)/Developer/Library/Frameworks",
					"$(inherited)",
				);
				INFOPLIST_FILE = TorchTests/Info.plist;
				LD_RUNPATH_SEARCH_PATHS = "$(inherited) @executable_path/Frameworks @loader_path/Frameworks";
				PRODUCT_NAME = "$(TARGET_NAME)";
				SWIFT_OPTIMIZATION_LEVEL = "-Owholemodule";
				SWIFT_SWIFT3_OBJC_INFERENCE = Default;
				SWIFT_VERSION = 4.0;
			};
			name = Release;
		};
		523C8D491AC960630068E3C7 /* Debug */ = {
			isa = XCBuildConfiguration;
			buildSettings = {
				ALWAYS_EMBED_SWIFT_STANDARD_LIBRARIES = YES;
				ASSETCATALOG_COMPILER_APPICON_NAME = AppIcon;
				CODE_SIGN_IDENTITY = "iPhone Developer";
				"CODE_SIGN_IDENTITY[sdk=iphoneos*]" = "iPhone Developer";
				GCC_PREPROCESSOR_DEFINITIONS = (
					"DEBUG=1",
					"$(inherited)",
				);
				INFOPLIST_FILE = TorchExample/Info.plist;
				LD_RUNPATH_SEARCH_PATHS = "$(inherited) @executable_path/Frameworks";
				OTHER_LDFLAGS = "";
				PRODUCT_BUNDLE_IDENTIFIER = com.kukushi.torchexample;
				PRODUCT_NAME = "$(TARGET_NAME)";
				PROVISIONING_PROFILE = "";
				SWIFT_SWIFT3_OBJC_INFERENCE = Default;
				SWIFT_VERSION = 4.0;
			};
			name = Debug;
		};
		523C8D4A1AC960630068E3C7 /* Release */ = {
			isa = XCBuildConfiguration;
			buildSettings = {
				ALWAYS_EMBED_SWIFT_STANDARD_LIBRARIES = YES;
				ASSETCATALOG_COMPILER_APPICON_NAME = AppIcon;
				CODE_SIGN_IDENTITY = "iPhone Developer";
				"CODE_SIGN_IDENTITY[sdk=iphoneos*]" = "iPhone Developer";
				INFOPLIST_FILE = TorchExample/Info.plist;
				LD_RUNPATH_SEARCH_PATHS = "$(inherited) @executable_path/Frameworks";
				OTHER_LDFLAGS = "";
				PRODUCT_BUNDLE_IDENTIFIER = com.kukushi.torchexample;
				PRODUCT_NAME = "$(TARGET_NAME)";
				PROVISIONING_PROFILE = "";
				SWIFT_OPTIMIZATION_LEVEL = "-Owholemodule";
				SWIFT_SWIFT3_OBJC_INFERENCE = Default;
				SWIFT_VERSION = 4.0;
			};
			name = Release;
		};
		523C8D4C1AC960630068E3C7 /* Debug */ = {
			isa = XCBuildConfiguration;
			buildSettings = {
				BUNDLE_LOADER = "$(TEST_HOST)";
				FRAMEWORK_SEARCH_PATHS = (
					"$(SDKROOT)/Developer/Library/Frameworks",
					"$(inherited)",
				);
				GCC_PREPROCESSOR_DEFINITIONS = (
					"DEBUG=1",
					"$(inherited)",
				);
				INFOPLIST_FILE = TorchExampleTests/Info.plist;
				LD_RUNPATH_SEARCH_PATHS = "$(inherited) @executable_path/Frameworks @loader_path/Frameworks";
				PRODUCT_NAME = "$(TARGET_NAME)";
				SWIFT_SWIFT3_OBJC_INFERENCE = Default;
				SWIFT_VERSION = 4.0;
				TEST_HOST = "$(BUILT_PRODUCTS_DIR)/TorchExample.app/TorchExample";
			};
			name = Debug;
		};
		523C8D4D1AC960630068E3C7 /* Release */ = {
			isa = XCBuildConfiguration;
			buildSettings = {
				BUNDLE_LOADER = "$(TEST_HOST)";
				FRAMEWORK_SEARCH_PATHS = (
					"$(SDKROOT)/Developer/Library/Frameworks",
					"$(inherited)",
				);
				INFOPLIST_FILE = TorchExampleTests/Info.plist;
				LD_RUNPATH_SEARCH_PATHS = "$(inherited) @executable_path/Frameworks @loader_path/Frameworks";
				PRODUCT_NAME = "$(TARGET_NAME)";
				SWIFT_OPTIMIZATION_LEVEL = "-Owholemodule";
				SWIFT_SWIFT3_OBJC_INFERENCE = Default;
				SWIFT_VERSION = 4.0;
				TEST_HOST = "$(BUILT_PRODUCTS_DIR)/TorchExample.app/TorchExample";
			};
			name = Release;
		};
/* End XCBuildConfiguration section */

/* Begin XCConfigurationList section */
		523C8CD01AC953610068E3C7 /* Build configuration list for PBXProject "Torch" */ = {
			isa = XCConfigurationList;
			buildConfigurations = (
				523C8CEA1AC953610068E3C7 /* Debug */,
				523C8CEB1AC953610068E3C7 /* Release */,
			);
			defaultConfigurationIsVisible = 0;
			defaultConfigurationName = Release;
		};
		523C8CEC1AC953610068E3C7 /* Build configuration list for PBXNativeTarget "Torch" */ = {
			isa = XCConfigurationList;
			buildConfigurations = (
				523C8CED1AC953610068E3C7 /* Debug */,
				523C8CEE1AC953610068E3C7 /* Release */,
			);
			defaultConfigurationIsVisible = 0;
			defaultConfigurationName = Release;
		};
		523C8CEF1AC953610068E3C7 /* Build configuration list for PBXNativeTarget "TorchTests" */ = {
			isa = XCConfigurationList;
			buildConfigurations = (
				523C8CF01AC953610068E3C7 /* Debug */,
				523C8CF11AC953610068E3C7 /* Release */,
			);
			defaultConfigurationIsVisible = 0;
			defaultConfigurationName = Release;
		};
		523C8D481AC960630068E3C7 /* Build configuration list for PBXNativeTarget "TorchExample" */ = {
			isa = XCConfigurationList;
			buildConfigurations = (
				523C8D491AC960630068E3C7 /* Debug */,
				523C8D4A1AC960630068E3C7 /* Release */,
			);
			defaultConfigurationIsVisible = 0;
			defaultConfigurationName = Release;
		};
		523C8D4B1AC960630068E3C7 /* Build configuration list for PBXNativeTarget "TorchExampleTests" */ = {
			isa = XCConfigurationList;
			buildConfigurations = (
				523C8D4C1AC960630068E3C7 /* Debug */,
				523C8D4D1AC960630068E3C7 /* Release */,
			);
			defaultConfigurationIsVisible = 0;
			defaultConfigurationName = Release;
		};
/* End XCConfigurationList section */
	};
	rootObject = 523C8CCD1AC953610068E3C7 /* Project object */;
}
